
Microsoft Visual Studio Solution File, Format Version 12.00
# Visual Studio Version 17
VisualStudioVersion = 17.4.33403.182
MinimumVisualStudioVersion = 10.0.40219.1
Project("{FAE04EC0-301F-11D3-BF4B-00C04F79EFBC}") = "Gallium", "Gallium\Gallium.csproj", "{49423D4F-6163-4746-A303-CD0939545D98}"
EndProject
Project("{FAE04EC0-301F-11D3-BF4B-00C04F79EFBC}") = "GallliumDriver", "GallliumDriver\GallliumDriver.csproj", "{3315E784-A66D-444F-A661-0AAE9A42A2B9}"
EndProject
Global
	GlobalSection(SolutionConfigurationPlatforms) = preSolution
		Debug|Any CPU = Debug|Any CPU
		Release|Any CPU = Release|Any CPU
	EndGlobalSection
	GlobalSection(ProjectConfigurationPlatforms) = postSolution
		{49423D4F-6163-4746-A303-CD0939545D98}.Debug|Any CPU.ActiveCfg = Debug|Any CPU
		{49423D4F-6163-4746-A303-CD0939545D98}.Debug|Any CPU.Build.0 = Debug|Any CPU
		{49423D4F-6163-4746-A303-CD0939545D98}.Release|Any CPU.ActiveCfg = Release|Any CPU
		{49423D4F-6163-4746-A303-CD0939545D98}.Release|Any CPU.Build.0 = Release|Any CPU
		{3315E784-A66D-444F-A661-0AAE9A42A2B9}.Debug|Any CPU.ActiveCfg = Debug|Any CPU
		{3315E784-A66D-444F-A661-0AAE9A42A2B9}.Debug|Any CPU.Build.0 = Debug|Any CPU
		{3315E784-A66D-444F-A661-0AAE9A42A2B9}.Release|Any CPU.ActiveCfg = Release|Any CPU
		{3315E784-A66D-444F-A661-0AAE9A42A2B9}.Release|Any CPU.Build.0 = Release|Any CPU
	EndGlobalSection
	GlobalSection(SolutionProperties) = preSolution
		HideSolutionNode = FALSE
	EndGlobalSection
	GlobalSection(ExtensibilityGlobals) = postSolution
		SolutionGuid = {C0322884-9263-45F6-BEDA-67A5BE1558F4}
	EndGlobalSection
EndGlobal
